
Microsoft Visual Studio Solution File, Format Version 12.00
# Visual Studio Version 17
VisualStudioVersion = 17.6.33815.320
MinimumVisualStudioVersion = 10.0.40219.1
Project("{FAE04EC0-301F-11D3-BF4B-00C04F79EFBC}") = "WebApplication1", "WebApplication1.csproj", "{70079518-5919-4024-AAA6-D870FDCAB80F}"
EndProject
Global
	GlobalSection(SolutionConfigurationPlatforms) = preSolution
		Debug|Any CPU = Debug|Any CPU
		Release|Any CPU = Release|Any CPU
	EndGlobalSection
	GlobalSection(ProjectConfigurationPlatforms) = postSolution
		{70079518-5919-4024-AAA6-D870FDCAB80F}.Debug|Any CPU.ActiveCfg = Debug|Any CPU
		{70079518-5919-4024-AAA6-D870FDCAB80F}.Debug|Any CPU.Build.0 = Debug|Any CPU
		{70079518-5919-4024-AAA6-D870FDCAB80F}.Release|Any CPU.ActiveCfg = Release|Any CPU
		{70079518-5919-4024-AAA6-D870FDCAB80F}.Release|Any CPU.Build.0 = Release|Any CPU
	EndGlobalSection
	GlobalSection(SolutionProperties) = preSolution
		HideSolutionNode = FALSE
	EndGlobalSection
	GlobalSection(ExtensibilityGlobals) = postSolution
		SolutionGuid = {F09F3CEB-2190-498D-81D6-A8FEB642D66B}
	EndGlobalSection
EndGlobal
