
Microsoft Visual Studio Solution File, Format Version 12.00
# Visual Studio Version 17
VisualStudioVersion = 17.6.33815.320
MinimumVisualStudioVersion = 10.0.40219.1
Project("{FAE04EC0-301F-11D3-BF4B-00C04F79EFBC}") = "WebApplication2", "WebApplication2.csproj", "{CC903947-4D74-4CE0-9DBA-E629C2720D8A}"
EndProject
Global
	GlobalSection(SolutionConfigurationPlatforms) = preSolution
		Debug|Any CPU = Debug|Any CPU
		Release|Any CPU = Release|Any CPU
	EndGlobalSection
	GlobalSection(ProjectConfigurationPlatforms) = postSolution
		{CC903947-4D74-4CE0-9DBA-E629C2720D8A}.Debug|Any CPU.ActiveCfg = Debug|Any CPU
		{CC903947-4D74-4CE0-9DBA-E629C2720D8A}.Debug|Any CPU.Build.0 = Debug|Any CPU
		{CC903947-4D74-4CE0-9DBA-E629C2720D8A}.Release|Any CPU.ActiveCfg = Release|Any CPU
		{CC903947-4D74-4CE0-9DBA-E629C2720D8A}.Release|Any CPU.Build.0 = Release|Any CPU
	EndGlobalSection
	GlobalSection(SolutionProperties) = preSolution
		HideSolutionNode = FALSE
	EndGlobalSection
	GlobalSection(ExtensibilityGlobals) = postSolution
		SolutionGuid = {CD9CFF7D-4E5D-4324-B23B-9C60470C6CD3}
	EndGlobalSection
EndGlobal
