
Microsoft Visual Studio Solution File, Format Version 12.00
# Visual Studio Version 17
VisualStudioVersion = 17.6.33815.320
MinimumVisualStudioVersion = 10.0.40219.1
Project("{FAE04EC0-301F-11D3-BF4B-00C04F79EFBC}") = "WebApplication2", "WebApplication2.csproj", "{26BB6AC2-6BCB-4FEA-8082-53CD9145ADA3}"
EndProject
Global
	GlobalSection(SolutionConfigurationPlatforms) = preSolution
		Debug|Any CPU = Debug|Any CPU
		Release|Any CPU = Release|Any CPU
	EndGlobalSection
	GlobalSection(ProjectConfigurationPlatforms) = postSolution
		{26BB6AC2-6BCB-4FEA-8082-53CD9145ADA3}.Debug|Any CPU.ActiveCfg = Debug|Any CPU
		{26BB6AC2-6BCB-4FEA-8082-53CD9145ADA3}.Debug|Any CPU.Build.0 = Debug|Any CPU
		{26BB6AC2-6BCB-4FEA-8082-53CD9145ADA3}.Release|Any CPU.ActiveCfg = Release|Any CPU
		{26BB6AC2-6BCB-4FEA-8082-53CD9145ADA3}.Release|Any CPU.Build.0 = Release|Any CPU
	EndGlobalSection
	GlobalSection(SolutionProperties) = preSolution
		HideSolutionNode = FALSE
	EndGlobalSection
	GlobalSection(ExtensibilityGlobals) = postSolution
		SolutionGuid = {70AF9AA5-E4B6-4ECA-8A0E-4E512238B25E}
	EndGlobalSection
EndGlobal
