
Microsoft Visual Studio Solution File, Format Version 12.00
# Visual Studio Version 17
VisualStudioVersion = 17.6.33815.320
MinimumVisualStudioVersion = 10.0.40219.1
Project("{FAE04EC0-301F-11D3-BF4B-00C04F79EFBC}") = "Da28Ex", "Da28Ex.csproj", "{292C8B75-A23F-4F04-B58B-E152612930EB}"
EndProject
Global
	GlobalSection(SolutionConfigurationPlatforms) = preSolution
		Debug|Any CPU = Debug|Any CPU
		Release|Any CPU = Release|Any CPU
	EndGlobalSection
	GlobalSection(ProjectConfigurationPlatforms) = postSolution
		{292C8B75-A23F-4F04-B58B-E152612930EB}.Debug|Any CPU.ActiveCfg = Debug|Any CPU
		{292C8B75-A23F-4F04-B58B-E152612930EB}.Debug|Any CPU.Build.0 = Debug|Any CPU
		{292C8B75-A23F-4F04-B58B-E152612930EB}.Release|Any CPU.ActiveCfg = Release|Any CPU
		{292C8B75-A23F-4F04-B58B-E152612930EB}.Release|Any CPU.Build.0 = Release|Any CPU
	EndGlobalSection
	GlobalSection(SolutionProperties) = preSolution
		HideSolutionNode = FALSE
	EndGlobalSection
	GlobalSection(ExtensibilityGlobals) = postSolution
		SolutionGuid = {EF5C2023-01E4-4043-B39F-534DA08255AD}
	EndGlobalSection
EndGlobal
