
Microsoft Visual Studio Solution File, Format Version 12.00
# Visual Studio Version 17
VisualStudioVersion = 17.6.33815.320
MinimumVisualStudioVersion = 10.0.40219.1
Project("{FAE04EC0-301F-11D3-BF4B-00C04F79EFBC}") = "WebApplication1", "WebApplication1.csproj", "{92F9C689-52DD-4C6C-867A-5DC00851E22C}"
EndProject
Global
	GlobalSection(SolutionConfigurationPlatforms) = preSolution
		Debug|Any CPU = Debug|Any CPU
		Release|Any CPU = Release|Any CPU
	EndGlobalSection
	GlobalSection(ProjectConfigurationPlatforms) = postSolution
		{92F9C689-52DD-4C6C-867A-5DC00851E22C}.Debug|Any CPU.ActiveCfg = Debug|Any CPU
		{92F9C689-52DD-4C6C-867A-5DC00851E22C}.Debug|Any CPU.Build.0 = Debug|Any CPU
		{92F9C689-52DD-4C6C-867A-5DC00851E22C}.Release|Any CPU.ActiveCfg = Release|Any CPU
		{92F9C689-52DD-4C6C-867A-5DC00851E22C}.Release|Any CPU.Build.0 = Release|Any CPU
	EndGlobalSection
	GlobalSection(SolutionProperties) = preSolution
		HideSolutionNode = FALSE
	EndGlobalSection
	GlobalSection(ExtensibilityGlobals) = postSolution
		SolutionGuid = {5D430C16-FA47-49F7-94C9-567ECC63DA28}
	EndGlobalSection
EndGlobal
